// !$*UTF8*$!
{
	archiveVersion = 1;
	classes = {
	};
	objectVersion = 56;
	objects = {

/* Begin PBXBuildFile section */
		639C13DA2A7A7EE80010EA0A /* SitagramApp.swift in Sources */ = {isa = PBXBuildFile; fileRef = 639C13D92A7A7EE80010EA0A /* SitagramApp.swift */; };
		639C13DC2A7A7EE80010EA0A /* ContentView.swift in Sources */ = {isa = PBXBuildFile; fileRef = 639C13DB2A7A7EE80010EA0A /* ContentView.swift */; };
		639C13DE2A7A7EE90010EA0A /* Assets.xcassets in Resources */ = {isa = PBXBuildFile; fileRef = 639C13DD2A7A7EE90010EA0A /* Assets.xcassets */; };
		639C13E22A7A7EE90010EA0A /* Preview Assets.xcassets in Resources */ = {isa = PBXBuildFile; fileRef = 639C13E12A7A7EE90010EA0A /* Preview Assets.xcassets */; };
		639C13EC2A7A7EE90010EA0A /* SitagramTests.swift in Sources */ = {isa = PBXBuildFile; fileRef = 639C13EB2A7A7EE90010EA0A /* SitagramTests.swift */; };
		639C13F62A7A7EE90010EA0A /* SitagramUITests.swift in Sources */ = {isa = PBXBuildFile; fileRef = 639C13F52A7A7EE90010EA0A /* SitagramUITests.swift */; };
		639C13F82A7A7EE90010EA0A /* SitagramUITestsLaunchTests.swift in Sources */ = {isa = PBXBuildFile; fileRef = 639C13F72A7A7EE90010EA0A /* SitagramUITestsLaunchTests.swift */; };
/* End PBXBuildFile section */

/* Begin PBXContainerItemProxy section */
		639C13E82A7A7EE90010EA0A /* PBXContainerItemProxy */ = {
			isa = PBXContainerItemProxy;
			containerPortal = 639C13CE2A7A7EE80010EA0A /* Project object */;
			proxyType = 1;
			remoteGlobalIDString = 639C13D52A7A7EE80010EA0A;
			remoteInfo = Sitagram;
		};
		639C13F22A7A7EE90010EA0A /* PBXContainerItemProxy */ = {
			isa = PBXContainerItemProxy;
			containerPortal = 639C13CE2A7A7EE80010EA0A /* Project object */;
			proxyType = 1;
			remoteGlobalIDString = 639C13D52A7A7EE80010EA0A;
			remoteInfo = Sitagram;
		};
/* End PBXContainerItemProxy section */

/* Begin PBXFileReference section */
		639C13D62A7A7EE80010EA0A /* Sitagram.app */ = {isa = PBXFileReference; explicitFileType = wrapper.application; includeInIndex = 0; path = Sitagram.app; sourceTree = BUILT_PRODUCTS_DIR; };
		639C13D92A7A7EE80010EA0A /* SitagramApp.swift */ = {isa = PBXFileReference; lastKnownFileType = sourcecode.swift; path = SitagramApp.swift; sourceTree = "<group>"; };
		639C13DB2A7A7EE80010EA0A /* ContentView.swift */ = {isa = PBXFileReference; lastKnownFileType = sourcecode.swift; path = ContentView.swift; sourceTree = "<group>"; };
		639C13DD2A7A7EE90010EA0A /* Assets.xcassets */ = {isa = PBXFileReference; lastKnownFileType = folder.assetcatalog; path = Assets.xcassets; sourceTree = "<group>"; };
		639C13DF2A7A7EE90010EA0A /* Sitagram.entitlements */ = {isa = PBXFileReference; lastKnownFileType = text.plist.entitlements; path = Sitagram.entitlements; sourceTree = "<group>"; };
		639C13E12A7A7EE90010EA0A /* Preview Assets.xcassets */ = {isa = PBXFileReference; lastKnownFileType = folder.assetcatalog; path = "Preview Assets.xcassets"; sourceTree = "<group>"; };
		639C13E72A7A7EE90010EA0A /* SitagramTests.xctest */ = {isa = PBXFileReference; explicitFileType = wrapper.cfbundle; includeInIndex = 0; path = SitagramTests.xctest; sourceTree = BUILT_PRODUCTS_DIR; };
		639C13EB2A7A7EE90010EA0A /* SitagramTests.swift */ = {isa = PBXFileReference; lastKnownFileType = sourcecode.swift; path = SitagramTests.swift; sourceTree = "<group>"; };
		639C13F12A7A7EE90010EA0A /* SitagramUITests.xctest */ = {isa = PBXFileReference; explicitFileType = wrapper.cfbundle; includeInIndex = 0; path = SitagramUITests.xctest; sourceTree = BUILT_PRODUCTS_DIR; };
		639C13F52A7A7EE90010EA0A /* SitagramUITests.swift */ = {isa = PBXFileReference; lastKnownFileType = sourcecode.swift; path = SitagramUITests.swift; sourceTree = "<group>"; };
		639C13F72A7A7EE90010EA0A /* SitagramUITestsLaunchTests.swift */ = {isa = PBXFileReference; lastKnownFileType = sourcecode.swift; path = SitagramUITestsLaunchTests.swift; sourceTree = "<group>"; };
/* End PBXFileReference section */

/* Begin PBXFrameworksBuildPhase section */
		639C13D32A7A7EE80010EA0A /* Frameworks */ = {
			isa = PBXFrameworksBuildPhase;
			buildActionMask = 2147483647;
			files = (
			);
			runOnlyForDeploymentPostprocessing = 0;
		};
		639C13E42A7A7EE90010EA0A /* Frameworks */ = {
			isa = PBXFrameworksBuildPhase;
			buildActionMask = 2147483647;
			files = (
			);
			runOnlyForDeploymentPostprocessing = 0;
		};
		639C13EE2A7A7EE90010EA0A /* Frameworks */ = {
			isa = PBXFrameworksBuildPhase;
			buildActionMask = 2147483647;
			files = (
			);
			runOnlyForDeploymentPostprocessing = 0;
		};
/* End PBXFrameworksBuildPhase section */

/* Begin PBXGroup section */
		639C13CD2A7A7EE80010EA0A = {
			isa = PBXGroup;
			children = (
				639C13D82A7A7EE80010EA0A /* Sitagram */,
				639C13EA2A7A7EE90010EA0A /* SitagramTests */,
				639C13F42A7A7EE90010EA0A /* SitagramUITests */,
				639C13D72A7A7EE80010EA0A /* Products */,
			);
			sourceTree = "<group>";
		};
		639C13D72A7A7EE80010EA0A /* Products */ = {
			isa = PBXGroup;
			children = (
				639C13D62A7A7EE80010EA0A /* Sitagram.app */,
				639C13E72A7A7EE90010EA0A /* SitagramTests.xctest */,
				639C13F12A7A7EE90010EA0A /* SitagramUITests.xctest */,
			);
			name = Products;
			sourceTree = "<group>";
		};
		639C13D82A7A7EE80010EA0A /* Sitagram */ = {
			isa = PBXGroup;
			children = (
				639C13D92A7A7EE80010EA0A /* SitagramApp.swift */,
				639C13DB2A7A7EE80010EA0A /* ContentView.swift */,
				639C13DD2A7A7EE90010EA0A /* Assets.xcassets */,
				639C13DF2A7A7EE90010EA0A /* Sitagram.entitlements */,
				639C13E02A7A7EE90010EA0A /* Preview Content */,
			);
			path = Sitagram;
			sourceTree = "<group>";
		};
		639C13E02A7A7EE90010EA0A /* Preview Content */ = {
			isa = PBXGroup;
			children = (
				639C13E12A7A7EE90010EA0A /* Preview Assets.xcassets */,
			);
			path = "Preview Content";
			sourceTree = "<group>";
		};
		639C13EA2A7A7EE90010EA0A /* SitagramTests */ = {
			isa = PBXGroup;
			children = (
				639C13EB2A7A7EE90010EA0A /* SitagramTests.swift */,
			);
			path = SitagramTests;
			sourceTree = "<group>";
		};
		639C13F42A7A7EE90010EA0A /* SitagramUITests */ = {
			isa = PBXGroup;
			children = (
				639C13F52A7A7EE90010EA0A /* SitagramUITests.swift */,
				639C13F72A7A7EE90010EA0A /* SitagramUITestsLaunchTests.swift */,
			);
			path = SitagramUITests;
			sourceTree = "<group>";
		};
/* End PBXGroup section */

/* Begin PBXNativeTarget section */
		639C13D52A7A7EE80010EA0A /* Sitagram */ = {
			isa = PBXNativeTarget;
			buildConfigurationList = 639C13FB2A7A7EE90010EA0A /* Build configuration list for PBXNativeTarget "Sitagram" */;
			buildPhases = (
				639C13D22A7A7EE80010EA0A /* Sources */,
				639C13D32A7A7EE80010EA0A /* Frameworks */,
				639C13D42A7A7EE80010EA0A /* Resources */,
			);
			buildRules = (
			);
			dependencies = (
			);
			name = Sitagram;
			productName = Sitagram;
			productReference = 639C13D62A7A7EE80010EA0A /* Sitagram.app */;
			productType = "com.apple.product-type.application";
		};
		639C13E62A7A7EE90010EA0A /* SitagramTests */ = {
			isa = PBXNativeTarget;
			buildConfigurationList = 639C13FE2A7A7EE90010EA0A /* Build configuration list for PBXNativeTarget "SitagramTests" */;
			buildPhases = (
				639C13E32A7A7EE90010EA0A /* Sources */,
				639C13E42A7A7EE90010EA0A /* Frameworks */,
				639C13E52A7A7EE90010EA0A /* Resources */,
			);
			buildRules = (
			);
			dependencies = (
				639C13E92A7A7EE90010EA0A /* PBXTargetDependency */,
			);
			name = SitagramTests;
			productName = SitagramTests;
			productReference = 639C13E72A7A7EE90010EA0A /* SitagramTests.xctest */;
			productType = "com.apple.product-type.bundle.unit-test";
		};
		639C13F02A7A7EE90010EA0A /* SitagramUITests */ = {
			isa = PBXNativeTarget;
			buildConfigurationList = 639C14012A7A7EE90010EA0A /* Build configuration list for PBXNativeTarget "SitagramUITests" */;
			buildPhases = (
				639C13ED2A7A7EE90010EA0A /* Sources */,
				639C13EE2A7A7EE90010EA0A /* Frameworks */,
				639C13EF2A7A7EE90010EA0A /* Resources */,
			);
			buildRules = (
			);
			dependencies = (
				639C13F32A7A7EE90010EA0A /* PBXTargetDependency */,
			);
			name = SitagramUITests;
			productName = SitagramUITests;
			productReference = 639C13F12A7A7EE90010EA0A /* SitagramUITests.xctest */;
			productType = "com.apple.product-type.bundle.ui-testing";
		};
/* End PBXNativeTarget section */

/* Begin PBXProject section */
		639C13CE2A7A7EE80010EA0A /* Project object */ = {
			isa = PBXProject;
			attributes = {
				BuildIndependentTargetsInParallel = 1;
				LastSwiftUpdateCheck = 1430;
				LastUpgradeCheck = 1430;
				TargetAttributes = {
					639C13D52A7A7EE80010EA0A = {
						CreatedOnToolsVersion = 14.3.1;
					};
					639C13E62A7A7EE90010EA0A = {
						CreatedOnToolsVersion = 14.3.1;
						TestTargetID = 639C13D52A7A7EE80010EA0A;
					};
					639C13F02A7A7EE90010EA0A = {
						CreatedOnToolsVersion = 14.3.1;
						TestTargetID = 639C13D52A7A7EE80010EA0A;
					};
				};
			};
			buildConfigurationList = 639C13D12A7A7EE80010EA0A /* Build configuration list for PBXProject "Sitagram" */;
			compatibilityVersion = "Xcode 14.0";
			developmentRegion = en;
			hasScannedForEncodings = 0;
			knownRegions = (
				en,
				Base,
			);
			mainGroup = 639C13CD2A7A7EE80010EA0A;
			productRefGroup = 639C13D72A7A7EE80010EA0A /* Products */;
			projectDirPath = "";
			projectRoot = "";
			targets = (
				639C13D52A7A7EE80010EA0A /* Sitagram */,
				639C13E62A7A7EE90010EA0A /* SitagramTests */,
				639C13F02A7A7EE90010EA0A /* SitagramUITests */,
			);
		};
/* End PBXProject section */

/* Begin PBXResourcesBuildPhase section */
		639C13D42A7A7EE80010EA0A /* Resources */ = {
			isa = PBXResourcesBuildPhase;
			buildActionMask = 2147483647;
			files = (
				639C13E22A7A7EE90010EA0A /* Preview Assets.xcassets in Resources */,
				639C13DE2A7A7EE90010EA0A /* Assets.xcassets in Resources */,
			);
			runOnlyForDeploymentPostprocessing = 0;
		};
		639C13E52A7A7EE90010EA0A /* Resources */ = {
			isa = PBXResourcesBuildPhase;
			buildActionMask = 2147483647;
			files = (
			);
			runOnlyForDeploymentPostprocessing = 0;
		};
		639C13EF2A7A7EE90010EA0A /* Resources */ = {
			isa = PBXResourcesBuildPhase;
			buildActionMask = 2147483647;
			files = (
			);
			runOnlyForDeploymentPostprocessing = 0;
		};
/* End PBXResourcesBuildPhase section */

/* Begin PBXSourcesBuildPhase section */
		639C13D22A7A7EE80010EA0A /* Sources */ = {
			isa = PBXSourcesBuildPhase;
			buildActionMask = 2147483647;
			files = (
				639C13DC2A7A7EE80010EA0A /* ContentView.swift in Sources */,
				639C13DA2A7A7EE80010EA0A /* SitagramApp.swift in Sources */,
			);
			runOnlyForDeploymentPostprocessing = 0;
		};
		639C13E32A7A7EE90010EA0A /* Sources */ = {
			isa = PBXSourcesBuildPhase;
			buildActionMask = 2147483647;
			files = (
				639C13EC2A7A7EE90010EA0A /* SitagramTests.swift in Sources */,
			);
			runOnlyForDeploymentPostprocessing = 0;
		};
		639C13ED2A7A7EE90010EA0A /* Sources */ = {
			isa = PBXSourcesBuildPhase;
			buildActionMask = 2147483647;
			files = (
				639C13F82A7A7EE90010EA0A /* SitagramUITestsLaunchTests.swift in Sources */,
				639C13F62A7A7EE90010EA0A /* SitagramUITests.swift in Sources */,
			);
			runOnlyForDeploymentPostprocessing = 0;
		};
/* End PBXSourcesBuildPhase section */

/* Begin PBXTargetDependency section */
		639C13E92A7A7EE90010EA0A /* PBXTargetDependency */ = {
			isa = PBXTargetDependency;
			target = 639C13D52A7A7EE80010EA0A /* Sitagram */;
			targetProxy = 639C13E82A7A7EE90010EA0A /* PBXContainerItemProxy */;
		};
		639C13F32A7A7EE90010EA0A /* PBXTargetDependency */ = {
			isa = PBXTargetDependency;
			target = 639C13D52A7A7EE80010EA0A /* Sitagram */;
			targetProxy = 639C13F22A7A7EE90010EA0A /* PBXContainerItemProxy */;
		};
/* End PBXTargetDependency section */

/* Begin XCBuildConfiguration section */
		639C13F92A7A7EE90010EA0A /* Debug */ = {
			isa = XCBuildConfiguration;
			buildSettings = {
				ALWAYS_SEARCH_USER_PATHS = NO;
				CLANG_ANALYZER_NONNULL = YES;
				CLANG_ANALYZER_NUMBER_OBJECT_CONVERSION = YES_AGGRESSIVE;
				CLANG_CXX_LANGUAGE_STANDARD = "gnu++20";
				CLANG_ENABLE_MODULES = YES;
				CLANG_ENABLE_OBJC_ARC = YES;
				CLANG_ENABLE_OBJC_WEAK = YES;
				CLANG_WARN_BLOCK_CAPTURE_AUTORELEASING = YES;
				CLANG_WARN_BOOL_CONVERSION = YES;
				CLANG_WARN_COMMA = YES;
				CLANG_WARN_CONSTANT_CONVERSION = YES;
				CLANG_WARN_DEPRECATED_OBJC_IMPLEMENTATIONS = YES;
				CLANG_WARN_DIRECT_OBJC_ISA_USAGE = YES_ERROR;
				CLANG_WARN_DOCUMENTATION_COMMENTS = YES;
				CLANG_WARN_EMPTY_BODY = YES;
				CLANG_WARN_ENUM_CONVERSION = YES;
				CLANG_WARN_INFINITE_RECURSION = YES;
				CLANG_WARN_INT_CONVERSION = YES;
				CLANG_WARN_NON_LITERAL_NULL_CONVERSION = YES;
				CLANG_WARN_OBJC_IMPLICIT_RETAIN_SELF = YES;
				CLANG_WARN_OBJC_LITERAL_CONVERSION = YES;
				CLANG_WARN_OBJC_ROOT_CLASS = YES_ERROR;
				CLANG_WARN_QUOTED_INCLUDE_IN_FRAMEWORK_HEADER = YES;
				CLANG_WARN_RANGE_LOOP_ANALYSIS = YES;
				CLANG_WARN_STRICT_PROTOTYPES = YES;
				CLANG_WARN_SUSPICIOUS_MOVE = YES;
				CLANG_WARN_UNGUARDED_AVAILABILITY = YES_AGGRESSIVE;
				CLANG_WARN_UNREACHABLE_CODE = YES;
				CLANG_WARN__DUPLICATE_METHOD_MATCH = YES;
				COPY_PHASE_STRIP = NO;
				DEBUG_INFORMATION_FORMAT = dwarf;
				ENABLE_STRICT_OBJC_MSGSEND = YES;
				ENABLE_TESTABILITY = YES;
				GCC_C_LANGUAGE_STANDARD = gnu11;
				GCC_DYNAMIC_NO_PIC = NO;
				GCC_NO_COMMON_BLOCKS = YES;
				GCC_OPTIMIZATION_LEVEL = 0;
				GCC_PREPROCESSOR_DEFINITIONS = (
					"DEBUG=1",
					"$(inherited)",
				);
				GCC_WARN_64_TO_32_BIT_CONVERSION = YES;
				GCC_WARN_ABOUT_RETURN_TYPE = YES_ERROR;
				GCC_WARN_UNDECLARED_SELECTOR = YES;
				GCC_WARN_UNINITIALIZED_AUTOS = YES_AGGRESSIVE;
				GCC_WARN_UNUSED_FUNCTION = YES;
				GCC_WARN_UNUSED_VARIABLE = YES;
				MTL_ENABLE_DEBUG_INFO = INCLUDE_SOURCE;
				MTL_FAST_MATH = YES;
				ONLY_ACTIVE_ARCH = YES;
				SWIFT_ACTIVE_COMPILATION_CONDITIONS = DEBUG;
				SWIFT_OPTIMIZATION_LEVEL = "-Onone";
			};
			name = Debug;
		};
		639C13FA2A7A7EE90010EA0A /* Release */ = {
			isa = XCBuildConfiguration;
			buildSettings = {
				ALWAYS_SEARCH_USER_PATHS = NO;
				CLANG_ANALYZER_NONNULL = YES;
				CLANG_ANALYZER_NUMBER_OBJECT_CONVERSION = YES_AGGRESSIVE;
				CLANG_CXX_LANGUAGE_STANDARD = "gnu++20";
				CLANG_ENABLE_MODULES = YES;
				CLANG_ENABLE_OBJC_ARC = YES;
				CLANG_ENABLE_OBJC_WEAK = YES;
				CLANG_WARN_BLOCK_CAPTURE_AUTORELEASING = YES;
				CLANG_WARN_BOOL_CONVERSION = YES;
				CLANG_WARN_COMMA = YES;
				CLANG_WARN_CONSTANT_CONVERSION = YES;
				CLANG_WARN_DEPRECATED_OBJC_IMPLEMENTATIONS = YES;
				CLANG_WARN_DIRECT_OBJC_ISA_USAGE = YES_ERROR;
				CLANG_WARN_DOCUMENTATION_COMMENTS = YES;
				CLANG_WARN_EMPTY_BODY = YES;
				CLANG_WARN_ENUM_CONVERSION = YES;
				CLANG_WARN_INFINITE_RECURSION = YES;
				CLANG_WARN_INT_CONVERSION = YES;
				CLANG_WARN_NON_LITERAL_NULL_CONVERSION = YES;
				CLANG_WARN_OBJC_IMPLICIT_RETAIN_SELF = YES;
				CLANG_WARN_OBJC_LITERAL_CONVERSION = YES;
				CLANG_WARN_OBJC_ROOT_CLASS = YES_ERROR;
				CLANG_WARN_QUOTED_INCLUDE_IN_FRAMEWORK_HEADER = YES;
				CLANG_WARN_RANGE_LOOP_ANALYSIS = YES;
				CLANG_WARN_STRICT_PROTOTYPES = YES;
				CLANG_WARN_SUSPICIOUS_MOVE = YES;
				CLANG_WARN_UNGUARDED_AVAILABILITY = YES_AGGRESSIVE;
				CLANG_WARN_UNREACHABLE_CODE = YES;
				CLANG_WARN__DUPLICATE_METHOD_MATCH = YES;
				COPY_PHASE_STRIP = NO;
				DEBUG_INFORMATION_FORMAT = "dwarf-with-dsym";
				ENABLE_NS_ASSERTIONS = NO;
				ENABLE_STRICT_OBJC_MSGSEND = YES;
				GCC_C_LANGUAGE_STANDARD = gnu11;
				GCC_NO_COMMON_BLOCKS = YES;
				GCC_WARN_64_TO_32_BIT_CONVERSION = YES;
				GCC_WARN_ABOUT_RETURN_TYPE = YES_ERROR;
				GCC_WARN_UNDECLARED_SELECTOR = YES;
				GCC_WARN_UNINITIALIZED_AUTOS = YES_AGGRESSIVE;
				GCC_WARN_UNUSED_FUNCTION = YES;
				GCC_WARN_UNUSED_VARIABLE = YES;
				MTL_ENABLE_DEBUG_INFO = NO;
				MTL_FAST_MATH = YES;
				SWIFT_COMPILATION_MODE = wholemodule;
				SWIFT_OPTIMIZATION_LEVEL = "-O";
			};
			name = Release;
		};
		639C13FC2A7A7EE90010EA0A /* Debug */ = {
			isa = XCBuildConfiguration;
			buildSettings = {
				ASSETCATALOG_COMPILER_APPICON_NAME = AppIcon;
				ASSETCATALOG_COMPILER_GLOBAL_ACCENT_COLOR_NAME = AccentColor;
				CODE_SIGN_ENTITLEMENTS = Sitagram/Sitagram.entitlements;
				CODE_SIGN_STYLE = Automatic;
				CURRENT_PROJECT_VERSION = 1;
				DEVELOPMENT_ASSET_PATHS = "\"Sitagram/Preview Content\"";
				DEVELOPMENT_TEAM = 9935R2D9MT;
				ENABLE_HARDENED_RUNTIME = YES;
				ENABLE_PREVIEWS = YES;
				GENERATE_INFOPLIST_FILE = YES;
				"INFOPLIST_KEY_UIApplicationSceneManifest_Generation[sdk=iphoneos*]" = YES;
				"INFOPLIST_KEY_UIApplicationSceneManifest_Generation[sdk=iphonesimulator*]" = YES;
				"INFOPLIST_KEY_UIApplicationSupportsIndirectInputEvents[sdk=iphoneos*]" = YES;
				"INFOPLIST_KEY_UIApplicationSupportsIndirectInputEvents[sdk=iphonesimulator*]" = YES;
				"INFOPLIST_KEY_UILaunchScreen_Generation[sdk=iphoneos*]" = YES;
				"INFOPLIST_KEY_UILaunchScreen_Generation[sdk=iphonesimulator*]" = YES;
				"INFOPLIST_KEY_UIStatusBarStyle[sdk=iphoneos*]" = UIStatusBarStyleDefault;
				"INFOPLIST_KEY_UIStatusBarStyle[sdk=iphonesimulator*]" = UIStatusBarStyleDefault;
				INFOPLIST_KEY_UISupportedInterfaceOrientations_iPad = "UIInterfaceOrientationPortrait UIInterfaceOrientationPortraitUpsideDown UIInterfaceOrientationLandscapeLeft UIInterfaceOrientationLandscapeRight";
				INFOPLIST_KEY_UISupportedInterfaceOrientations_iPhone = "UIInterfaceOrientationPortrait UIInterfaceOrientationLandscapeLeft UIInterfaceOrientationLandscapeRight";
				IPHONEOS_DEPLOYMENT_TARGET = 16.4;
				LD_RUNPATH_SEARCH_PATHS = "@executable_path/Frameworks";
				"LD_RUNPATH_SEARCH_PATHS[sdk=macosx*]" = "@executable_path/../Frameworks";
				MACOSX_DEPLOYMENT_TARGET = 13.3;
				MARKETING_VERSION = 1.0;
				PRODUCT_BUNDLE_IDENTIFIER = com.cgm48.sitagram.Sitagram;
				PRODUCT_NAME = "$(TARGET_NAME)";
				SDKROOT = auto;
				SUPPORTED_PLATFORMS = "iphoneos iphonesimulator macosx";
				SWIFT_EMIT_LOC_STRINGS = YES;
				SWIFT_VERSION = 5.0;
				TARGETED_DEVICE_FAMILY = "1,2";
			};
			name = Debug;
		};
		639C13FD2A7A7EE90010EA0A /* Release */ = {
			isa = XCBuildConfiguration;
			buildSettings = {
				ASSETCATALOG_COMPILER_APPICON_NAME = AppIcon;
				ASSETCATALOG_COMPILER_GLOBAL_ACCENT_COLOR_NAME = AccentColor;
				CODE_SIGN_ENTITLEMENTS = Sitagram/Sitagram.entitlements;
				CODE_SIGN_STYLE = Automatic;
				CURRENT_PROJECT_VERSION = 1;
				DEVELOPMENT_ASSET_PATHS = "\"Sitagram/Preview Content\"";
				DEVELOPMENT_TEAM = 9935R2D9MT;
				ENABLE_HARDENED_RUNTIME = YES;
				ENABLE_PREVIEWS = YES;
				GENERATE_INFOPLIST_FILE = YES;
				"INFOPLIST_KEY_UIApplicationSceneManifest_Generation[sdk=iphoneos*]" = YES;
				"INFOPLIST_KEY_UIApplicationSceneManifest_Generation[sdk=iphonesimulator*]" = YES;
				"INFOPLIST_KEY_UIApplicationSupportsIndirectInputEvents[sdk=iphoneos*]" = YES;
				"INFOPLIST_KEY_UIApplicationSupportsIndirectInputEvents[sdk=iphonesimulator*]" = YES;
				"INFOPLIST_KEY_UILaunchScreen_Generation[sdk=iphoneos*]" = YES;
				"INFOPLIST_KEY_UILaunchScreen_Generation[sdk=iphonesimulator*]" = YES;
				"INFOPLIST_KEY_UIStatusBarStyle[sdk=iphoneos*]" = UIStatusBarStyleDefault;
				"INFOPLIST_KEY_UIStatusBarStyle[sdk=iphonesimulator*]" = UIStatusBarStyleDefault;
				INFOPLIST_KEY_UISupportedInterfaceOrientations_iPad = "UIInterfaceOrientationPortrait UIInterfaceOrientationPortraitUpsideDown UIInterfaceOrientationLandscapeLeft UIInterfaceOrientationLandscapeRight";
				INFOPLIST_KEY_UISupportedInterfaceOrientations_iPhone = "UIInterfaceOrientationPortrait UIInterfaceOrientationLandscapeLeft UIInterfaceOrientationLandscapeRight";
				IPHONEOS_DEPLOYMENT_TARGET = 16.4;
				LD_RUNPATH_SEARCH_PATHS = "@executable_path/Frameworks";
				"LD_RUNPATH_SEARCH_PATHS[sdk=macosx*]" = "@executable_path/../Frameworks";
				MACOSX_DEPLOYMENT_TARGET = 13.3;
				MARKETING_VERSION = 1.0;
				PRODUCT_BUNDLE_IDENTIFIER = com.cgm48.sitagram.Sitagram;
				PRODUCT_NAME = "$(TARGET_NAME)";
				SDKROOT = auto;
				SUPPORTED_PLATFORMS = "iphoneos iphonesimulator macosx";
				SWIFT_EMIT_LOC_STRINGS = YES;
				SWIFT_VERSION = 5.0;
				TARGETED_DEVICE_FAMILY = "1,2";
			};
			name = Release;
		};
		639C13FF2A7A7EE90010EA0A /* Debug */ = {
			isa = XCBuildConfiguration;
			buildSettings = {
				ALWAYS_EMBED_SWIFT_STANDARD_LIBRARIES = YES;
				BUNDLE_LOADER = "$(TEST_HOST)";
				CODE_SIGN_STYLE = Automatic;
				CURRENT_PROJECT_VERSION = 1;
				DEVELOPMENT_TEAM = 9935R2D9MT;
				GENERATE_INFOPLIST_FILE = YES;
				IPHONEOS_DEPLOYMENT_TARGET = 16.4;
				MACOSX_DEPLOYMENT_TARGET = 13.3;
				MARKETING_VERSION = 1.0;
				PRODUCT_BUNDLE_IDENTIFIER = com.cgm48.sitagram.SitagramTests;
				PRODUCT_NAME = "$(TARGET_NAME)";
				SDKROOT = auto;
				SUPPORTED_PLATFORMS = "iphoneos iphonesimulator macosx";
				SWIFT_EMIT_LOC_STRINGS = NO;
				SWIFT_VERSION = 5.0;
				TARGETED_DEVICE_FAMILY = "1,2";
				TEST_HOST = "$(BUILT_PRODUCTS_DIR)/Sitagram.app/$(BUNDLE_EXECUTABLE_FOLDER_PATH)/Sitagram";
			};
			name = Debug;
		};
		639C14002A7A7EE90010EA0A /* Release */ = {
			isa = XCBuildConfiguration;
			buildSettings = {
				ALWAYS_EMBED_SWIFT_STANDARD_LIBRARIES = YES;
				BUNDLE_LOADER = "$(TEST_HOST)";
				CODE_SIGN_STYLE = Automatic;
				CURRENT_PROJECT_VERSION = 1;
				DEVELOPMENT_TEAM = 9935R2D9MT;
				GENERATE_INFOPLIST_FILE = YES;
				IPHONEOS_DEPLOYMENT_TARGET = 16.4;
				MACOSX_DEPLOYMENT_TARGET = 13.3;
				MARKETING_VERSION = 1.0;
				PRODUCT_BUNDLE_IDENTIFIER = com.cgm48.sitagram.SitagramTests;
				PRODUCT_NAME = "$(TARGET_NAME)";
				SDKROOT = auto;
				SUPPORTED_PLATFORMS = "iphoneos iphonesimulator macosx";
				SWIFT_EMIT_LOC_STRINGS = NO;
				SWIFT_VERSION = 5.0;
				TARGETED_DEVICE_FAMILY = "1,2";
				TEST_HOST = "$(BUILT_PRODUCTS_DIR)/Sitagram.app/$(BUNDLE_EXECUTABLE_FOLDER_PATH)/Sitagram";
			};
			name = Release;
		};
		639C14022A7A7EE90010EA0A /* Debug */ = {
			isa = XCBuildConfiguration;
			buildSettings = {
				ALWAYS_EMBED_SWIFT_STANDARD_LIBRARIES = YES;
				CODE_SIGN_STYLE = Automatic;
				CURRENT_PROJECT_VERSION = 1;
				DEVELOPMENT_TEAM = 9935R2D9MT;
				GENERATE_INFOPLIST_FILE = YES;
				IPHONEOS_DEPLOYMENT_TARGET = 16.4;
				MACOSX_DEPLOYMENT_TARGET = 13.3;
				MARKETING_VERSION = 1.0;
				PRODUCT_BUNDLE_IDENTIFIER = com.cgm48.sitagram.SitagramUITests;
				PRODUCT_NAME = "$(TARGET_NAME)";
				SDKROOT = auto;
				SUPPORTED_PLATFORMS = "iphoneos iphonesimulator macosx";
				SWIFT_EMIT_LOC_STRINGS = NO;
				SWIFT_VERSION = 5.0;
				TARGETED_DEVICE_FAMILY = "1,2";
				TEST_TARGET_NAME = Sitagram;
			};
			name = Debug;
		};
		639C14032A7A7EE90010EA0A /* Release */ = {
			isa = XCBuildConfiguration;
			buildSettings = {
				ALWAYS_EMBED_SWIFT_STANDARD_LIBRARIES = YES;
				CODE_SIGN_STYLE = Automatic;
				CURRENT_PROJECT_VERSION = 1;
				DEVELOPMENT_TEAM = 9935R2D9MT;
				GENERATE_INFOPLIST_FILE = YES;
				IPHONEOS_DEPLOYMENT_TARGET = 16.4;
				MACOSX_DEPLOYMENT_TARGET = 13.3;
				MARKETING_VERSION = 1.0;
				PRODUCT_BUNDLE_IDENTIFIER = com.cgm48.sitagram.SitagramUITests;
				PRODUCT_NAME = "$(TARGET_NAME)";
				SDKROOT = auto;
				SUPPORTED_PLATFORMS = "iphoneos iphonesimulator macosx";
				SWIFT_EMIT_LOC_STRINGS = NO;
				SWIFT_VERSION = 5.0;
				TARGETED_DEVICE_FAMILY = "1,2";
				TEST_TARGET_NAME = Sitagram;
			};
			name = Release;
		};
/* End XCBuildConfiguration section */

/* Begin XCConfigurationList section */
		639C13D12A7A7EE80010EA0A /* Build configuration list for PBXProject "Sitagram" */ = {
			isa = XCConfigurationList;
			buildConfigurations = (
				639C13F92A7A7EE90010EA0A /* Debug */,
				639C13FA2A7A7EE90010EA0A /* Release */,
			);
			defaultConfigurationIsVisible = 0;
			defaultConfigurationName = Release;
		};
		639C13FB2A7A7EE90010EA0A /* Build configuration list for PBXNativeTarget "Sitagram" */ = {
			isa = XCConfigurationList;
			buildConfigurations = (
				639C13FC2A7A7EE90010EA0A /* Debug */,
				639C13FD2A7A7EE90010EA0A /* Release */,
			);
			defaultConfigurationIsVisible = 0;
			defaultConfigurationName = Release;
		};
		639C13FE2A7A7EE90010EA0A /* Build configuration list for PBXNativeTarget "SitagramTests" */ = {
			isa = XCConfigurationList;
			buildConfigurations = (
				639C13FF2A7A7EE90010EA0A /* Debug */,
				639C14002A7A7EE90010EA0A /* Release */,
			);
			defaultConfigurationIsVisible = 0;
			defaultConfigurationName = Release;
		};
		639C14012A7A7EE90010EA0A /* Build configuration list for PBXNativeTarget "SitagramUITests" */ = {
			isa = XCConfigurationList;
			buildConfigurations = (
				639C14022A7A7EE90010EA0A /* Debug */,
				639C14032A7A7EE90010EA0A /* Release */,
			);
			defaultConfigurationIsVisible = 0;
			defaultConfigurationName = Release;
		};
/* End XCConfigurationList section */
	};
	rootObject = 639C13CE2A7A7EE80010EA0A /* Project object */;
}
